
Microsoft Visual Studio Solution File, Format Version 12.00
# Visual Studio Version 17
VisualStudioVersion = 17.0.31912.275
MinimumVisualStudioVersion = 10.0.40219.1
Project("{D954291E-2A0B-460D-934E-DC6B0785DB48}") = "MN_Sciaga.Shared", "MN_Sciaga\MN_Sciaga.Shared\MN_Sciaga.Shared.shproj", "{6279C845-92F8-4333-AB99-3D213163593C}"
EndProject
Project("{2150E333-8FDC-42A3-9474-1A3956D46DE8}") = "Platforms", "Platforms", "{29410656-CBDE-4C72-AAB1-74191ED8AA2E}"
EndProject
Project("{FAE04EC0-301F-11D3-BF4B-00C04F79EFBC}") = "MN_Sciaga.Mobile", "MN_Sciaga\MN_Sciaga.Mobile\MN_Sciaga.Mobile.csproj", "{74C2EB63-8F7D-4C33-9B8E-530D86CAF353}"
EndProject
Project("{FAE04EC0-301F-11D3-BF4B-00C04F79EFBC}") = "MN_Sciaga.UWP", "MN_Sciaga\MN_Sciaga.UWP\MN_Sciaga.UWP.csproj", "{2767E4B5-35E4-4660-B491-681F8AA5398A}"
EndProject
Project("{FAE04EC0-301F-11D3-BF4B-00C04F79EFBC}") = "MN_Sciaga.Wasm", "MN_Sciaga\MN_Sciaga.Wasm\MN_Sciaga.Wasm.csproj", "{293407B9-CC14-4E85-BB89-34ED1F366AB6}"
EndProject
Project("{FAE04EC0-301F-11D3-BF4B-00C04F79EFBC}") = "MN_Sciaga.Skia.Wpf.Host", "MN_Sciaga\MN_Sciaga.Skia.Wpf.Host\MN_Sciaga.Skia.Wpf.Host.csproj", "{928BF171-BC60-4903-AFD1-136578588F4A}"
EndProject
Project("{FAE04EC0-301F-11D3-BF4B-00C04F79EFBC}") = "MN_Sciaga.Skia.Wpf", "MN_Sciaga\MN_Sciaga.Skia.Wpf\MN_Sciaga.Skia.Wpf.csproj", "{0213A291-FBB5-498A-B469-E6CF6F1815FD}"
EndProject
Project("{FAE04EC0-301F-11D3-BF4B-00C04F79EFBC}") = "MN_Sciaga.Skia.Gtk", "MN_Sciaga\MN_Sciaga.Skia.Gtk\MN_Sciaga.Skia.Gtk.csproj", "{4811F13F-B95B-481E-84A8-5CF3D5D74903}"
EndProject
Global
	GlobalSection(SharedMSBuildProjectFiles) = preSolution
		MN_Sciaga\MN_Sciaga.Shared\MN_Sciaga.Shared.projitems*{0213a291-fbb5-498a-b469-e6cf6f1815fd}*SharedItemsImports = 5
		MN_Sciaga\MN_Sciaga.Shared\MN_Sciaga.Shared.projitems*{2767e4b5-35e4-4660-b491-681f8aa5398a}*SharedItemsImports = 4
		MN_Sciaga\MN_Sciaga.Shared\MN_Sciaga.Shared.projitems*{293407b9-cc14-4e85-bb89-34ed1f366ab6}*SharedItemsImports = 5
		MN_Sciaga\MN_Sciaga.Shared\MN_Sciaga.Shared.projitems*{4811f13f-b95b-481e-84a8-5cf3d5d74903}*SharedItemsImports = 5
		MN_Sciaga\MN_Sciaga.Shared\MN_Sciaga.Shared.projitems*{6279c845-92f8-4333-ab99-3d213163593c}*SharedItemsImports = 13
		MN_Sciaga\MN_Sciaga.Shared\MN_Sciaga.Shared.projitems*{74c2eb63-8f7d-4c33-9b8e-530d86caf353}*SharedItemsImports = 5
	EndGlobalSection
	GlobalSection(SolutionConfigurationPlatforms) = preSolution
		Debug|Any CPU = Debug|Any CPU
		Debug|ARM = Debug|ARM
		Debug|ARM64 = Debug|ARM64
		Debug|x64 = Debug|x64
		Debug|x86 = Debug|x86
		Release|Any CPU = Release|Any CPU
		Release|ARM = Release|ARM
		Release|ARM64 = Release|ARM64
		Release|x64 = Release|x64
		Release|x86 = Release|x86
	EndGlobalSection
	GlobalSection(ProjectConfigurationPlatforms) = postSolution
		{74C2EB63-8F7D-4C33-9B8E-530D86CAF353}.Debug|Any CPU.ActiveCfg = Debug|Any CPU
		{74C2EB63-8F7D-4C33-9B8E-530D86CAF353}.Debug|Any CPU.Build.0 = Debug|Any CPU
		{74C2EB63-8F7D-4C33-9B8E-530D86CAF353}.Debug|Any CPU.Deploy.0 = Debug|Any CPU
		{74C2EB63-8F7D-4C33-9B8E-530D86CAF353}.Debug|ARM.ActiveCfg = Debug|Any CPU
		{74C2EB63-8F7D-4C33-9B8E-530D86CAF353}.Debug|ARM.Build.0 = Debug|Any CPU
		{74C2EB63-8F7D-4C33-9B8E-530D86CAF353}.Debug|ARM.Deploy.0 = Debug|Any CPU
		{74C2EB63-8F7D-4C33-9B8E-530D86CAF353}.Debug|ARM64.ActiveCfg = Debug|Any CPU
		{74C2EB63-8F7D-4C33-9B8E-530D86CAF353}.Debug|ARM64.Build.0 = Debug|Any CPU
		{74C2EB63-8F7D-4C33-9B8E-530D86CAF353}.Debug|ARM64.Deploy.0 = Debug|Any CPU
		{74C2EB63-8F7D-4C33-9B8E-530D86CAF353}.Debug|x64.ActiveCfg = Debug|Any CPU
		{74C2EB63-8F7D-4C33-9B8E-530D86CAF353}.Debug|x64.Build.0 = Debug|Any CPU
		{74C2EB63-8F7D-4C33-9B8E-530D86CAF353}.Debug|x64.Deploy.0 = Debug|Any CPU
		{74C2EB63-8F7D-4C33-9B8E-530D86CAF353}.Debug|x86.ActiveCfg = Debug|Any CPU
		{74C2EB63-8F7D-4C33-9B8E-530D86CAF353}.Debug|x86.Build.0 = Debug|Any CPU
		{74C2EB63-8F7D-4C33-9B8E-530D86CAF353}.Debug|x86.Deploy.0 = Debug|Any CPU
		{74C2EB63-8F7D-4C33-9B8E-530D86CAF353}.Release|Any CPU.ActiveCfg = Release|Any CPU
		{74C2EB63-8F7D-4C33-9B8E-530D86CAF353}.Release|Any CPU.Build.0 = Release|Any CPU
		{74C2EB63-8F7D-4C33-9B8E-530D86CAF353}.Release|Any CPU.Deploy.0 = Release|Any CPU
		{74C2EB63-8F7D-4C33-9B8E-530D86CAF353}.Release|ARM.ActiveCfg = Release|Any CPU
		{74C2EB63-8F7D-4C33-9B8E-530D86CAF353}.Release|ARM.Build.0 = Release|Any CPU
		{74C2EB63-8F7D-4C33-9B8E-530D86CAF353}.Release|ARM.Deploy.0 = Release|Any CPU
		{74C2EB63-8F7D-4C33-9B8E-530D86CAF353}.Release|ARM64.ActiveCfg = Release|Any CPU
		{74C2EB63-8F7D-4C33-9B8E-530D86CAF353}.Release|ARM64.Build.0 = Release|Any CPU
		{74C2EB63-8F7D-4C33-9B8E-530D86CAF353}.Release|ARM64.Deploy.0 = Release|Any CPU
		{74C2EB63-8F7D-4C33-9B8E-530D86CAF353}.Release|x64.ActiveCfg = Release|Any CPU
		{74C2EB63-8F7D-4C33-9B8E-530D86CAF353}.Release|x64.Build.0 = Release|Any CPU
		{74C2EB63-8F7D-4C33-9B8E-530D86CAF353}.Release|x64.Deploy.0 = Release|Any CPU
		{74C2EB63-8F7D-4C33-9B8E-530D86CAF353}.Release|x86.ActiveCfg = Release|Any CPU
		{74C2EB63-8F7D-4C33-9B8E-530D86CAF353}.Release|x86.Build.0 = Release|Any CPU
		{74C2EB63-8F7D-4C33-9B8E-530D86CAF353}.Release|x86.Deploy.0 = Release|Any CPU
		{2767E4B5-35E4-4660-B491-681F8AA5398A}.Debug|Any CPU.ActiveCfg = Debug|x64
		{2767E4B5-35E4-4660-B491-681F8AA5398A}.Debug|Any CPU.Build.0 = Debug|x64
		{2767E4B5-35E4-4660-B491-681F8AA5398A}.Debug|Any CPU.Deploy.0 = Debug|x64
		{2767E4B5-35E4-4660-B491-681F8AA5398A}.Debug|ARM.ActiveCfg = Debug|ARM
		{2767E4B5-35E4-4660-B491-681F8AA5398A}.Debug|ARM.Build.0 = Debug|ARM
		{2767E4B5-35E4-4660-B491-681F8AA5398A}.Debug|ARM.Deploy.0 = Debug|ARM
		{2767E4B5-35E4-4660-B491-681F8AA5398A}.Debug|ARM64.ActiveCfg = Debug|ARM64
		{2767E4B5-35E4-4660-B491-681F8AA5398A}.Debug|ARM64.Build.0 = Debug|ARM64
		{2767E4B5-35E4-4660-B491-681F8AA5398A}.Debug|ARM64.Deploy.0 = Debug|ARM64
		{2767E4B5-35E4-4660-B491-681F8AA5398A}.Debug|x64.ActiveCfg = Debug|x64
		{2767E4B5-35E4-4660-B491-681F8AA5398A}.Debug|x64.Build.0 = Debug|x64
		{2767E4B5-35E4-4660-B491-681F8AA5398A}.Debug|x64.Deploy.0 = Debug|x64
		{2767E4B5-35E4-4660-B491-681F8AA5398A}.Debug|x86.ActiveCfg = Debug|x86
		{2767E4B5-35E4-4660-B491-681F8AA5398A}.Debug|x86.Build.0 = Debug|x86
		{2767E4B5-35E4-4660-B491-681F8AA5398A}.Debug|x86.Deploy.0 = Debug|x86
		{2767E4B5-35E4-4660-B491-681F8AA5398A}.Release|Any CPU.ActiveCfg = Release|x64
		{2767E4B5-35E4-4660-B491-681F8AA5398A}.Release|Any CPU.Build.0 = Release|x64
		{2767E4B5-35E4-4660-B491-681F8AA5398A}.Release|Any CPU.Deploy.0 = Release|x64
		{2767E4B5-35E4-4660-B491-681F8AA5398A}.Release|ARM.ActiveCfg = Release|ARM
		{2767E4B5-35E4-4660-B491-681F8AA5398A}.Release|ARM.Build.0 = Release|ARM
		{2767E4B5-35E4-4660-B491-681F8AA5398A}.Release|ARM.Deploy.0 = Release|ARM
		{2767E4B5-35E4-4660-B491-681F8AA5398A}.Release|ARM64.ActiveCfg = Release|ARM64
		{2767E4B5-35E4-4660-B491-681F8AA5398A}.Release|ARM64.Build.0 = Release|ARM64
		{2767E4B5-35E4-4660-B491-681F8AA5398A}.Release|ARM64.Deploy.0 = Release|ARM64
		{2767E4B5-35E4-4660-B491-681F8AA5398A}.Release|x64.ActiveCfg = Release|x64
		{2767E4B5-35E4-4660-B491-681F8AA5398A}.Release|x64.Build.0 = Release|x64
		{2767E4B5-35E4-4660-B491-681F8AA5398A}.Release|x64.Deploy.0 = Release|x64
		{2767E4B5-35E4-4660-B491-681F8AA5398A}.Release|x86.ActiveCfg = Release|x86
		{2767E4B5-35E4-4660-B491-681F8AA5398A}.Release|x86.Build.0 = Release|x86
		{2767E4B5-35E4-4660-B491-681F8AA5398A}.Release|x86.Deploy.0 = Release|x86
		{293407B9-CC14-4E85-BB89-34ED1F366AB6}.Debug|Any CPU.ActiveCfg = Debug|Any CPU
		{293407B9-CC14-4E85-BB89-34ED1F366AB6}.Debug|Any CPU.Build.0 = Debug|Any CPU
		{293407B9-CC14-4E85-BB89-34ED1F366AB6}.Debug|ARM.ActiveCfg = Debug|Any CPU
		{293407B9-CC14-4E85-BB89-34ED1F366AB6}.Debug|ARM.Build.0 = Debug|Any CPU
		{293407B9-CC14-4E85-BB89-34ED1F366AB6}.Debug|ARM64.ActiveCfg = Debug|Any CPU
		{293407B9-CC14-4E85-BB89-34ED1F366AB6}.Debug|ARM64.Build.0 = Debug|Any CPU
		{293407B9-CC14-4E85-BB89-34ED1F366AB6}.Debug|x64.ActiveCfg = Debug|Any CPU
		{293407B9-CC14-4E85-BB89-34ED1F366AB6}.Debug|x64.Build.0 = Debug|Any CPU
		{293407B9-CC14-4E85-BB89-34ED1F366AB6}.Debug|x86.ActiveCfg = Debug|Any CPU
		{293407B9-CC14-4E85-BB89-34ED1F366AB6}.Debug|x86.Build.0 = Debug|Any CPU
		{293407B9-CC14-4E85-BB89-34ED1F366AB6}.Release|Any CPU.ActiveCfg = Release|Any CPU
		{293407B9-CC14-4E85-BB89-34ED1F366AB6}.Release|Any CPU.Build.0 = Release|Any CPU
		{293407B9-CC14-4E85-BB89-34ED1F366AB6}.Release|ARM.ActiveCfg = Release|Any CPU
		{293407B9-CC14-4E85-BB89-34ED1F366AB6}.Release|ARM.Build.0 = Release|Any CPU
		{293407B9-CC14-4E85-BB89-34ED1F366AB6}.Release|ARM64.ActiveCfg = Release|Any CPU
		{293407B9-CC14-4E85-BB89-34ED1F366AB6}.Release|ARM64.Build.0 = Release|Any CPU
		{293407B9-CC14-4E85-BB89-34ED1F366AB6}.Release|x64.ActiveCfg = Release|Any CPU
		{293407B9-CC14-4E85-BB89-34ED1F366AB6}.Release|x64.Build.0 = Release|Any CPU
		{293407B9-CC14-4E85-BB89-34ED1F366AB6}.Release|x86.ActiveCfg = Release|Any CPU
		{293407B9-CC14-4E85-BB89-34ED1F366AB6}.Release|x86.Build.0 = Release|Any CPU
		{928BF171-BC60-4903-AFD1-136578588F4A}.Debug|Any CPU.ActiveCfg = Debug|Any CPU
		{928BF171-BC60-4903-AFD1-136578588F4A}.Debug|Any CPU.Build.0 = Debug|Any CPU
		{928BF171-BC60-4903-AFD1-136578588F4A}.Debug|ARM.ActiveCfg = Debug|Any CPU
		{928BF171-BC60-4903-AFD1-136578588F4A}.Debug|ARM.Build.0 = Debug|Any CPU
		{928BF171-BC60-4903-AFD1-136578588F4A}.Debug|ARM64.ActiveCfg = Debug|Any CPU
		{928BF171-BC60-4903-AFD1-136578588F4A}.Debug|ARM64.Build.0 = Debug|Any CPU
		{928BF171-BC60-4903-AFD1-136578588F4A}.Debug|x64.ActiveCfg = Debug|Any CPU
		{928BF171-BC60-4903-AFD1-136578588F4A}.Debug|x64.Build.0 = Debug|Any CPU
		{928BF171-BC60-4903-AFD1-136578588F4A}.Debug|x86.ActiveCfg = Debug|Any CPU
		{928BF171-BC60-4903-AFD1-136578588F4A}.Debug|x86.Build.0 = Debug|Any CPU
		{928BF171-BC60-4903-AFD1-136578588F4A}.Release|Any CPU.ActiveCfg = Release|Any CPU
		{928BF171-BC60-4903-AFD1-136578588F4A}.Release|Any CPU.Build.0 = Release|Any CPU
		{928BF171-BC60-4903-AFD1-136578588F4A}.Release|ARM.ActiveCfg = Release|Any CPU
		{928BF171-BC60-4903-AFD1-136578588F4A}.Release|ARM.Build.0 = Release|Any CPU
		{928BF171-BC60-4903-AFD1-136578588F4A}.Release|ARM64.ActiveCfg = Release|Any CPU
		{928BF171-BC60-4903-AFD1-136578588F4A}.Release|ARM64.Build.0 = Release|Any CPU
		{928BF171-BC60-4903-AFD1-136578588F4A}.Release|x64.ActiveCfg = Release|Any CPU
		{928BF171-BC60-4903-AFD1-136578588F4A}.Release|x64.Build.0 = Release|Any CPU
		{928BF171-BC60-4903-AFD1-136578588F4A}.Release|x86.ActiveCfg = Release|Any CPU
		{928BF171-BC60-4903-AFD1-136578588F4A}.Release|x86.Build.0 = Release|Any CPU
		{0213A291-FBB5-498A-B469-E6CF6F1815FD}.Debug|Any CPU.ActiveCfg = Debug|Any CPU
		{0213A291-FBB5-498A-B469-E6CF6F1815FD}.Debug|Any CPU.Build.0 = Debug|Any CPU
		{0213A291-FBB5-498A-B469-E6CF6F1815FD}.Debug|ARM.ActiveCfg = Debug|Any CPU
		{0213A291-FBB5-498A-B469-E6CF6F1815FD}.Debug|ARM.Build.0 = Debug|Any CPU
		{0213A291-FBB5-498A-B469-E6CF6F1815FD}.Debug|ARM64.ActiveCfg = Debug|Any CPU
		{0213A291-FBB5-498A-B469-E6CF6F1815FD}.Debug|ARM64.Build.0 = Debug|Any CPU
		{0213A291-FBB5-498A-B469-E6CF6F1815FD}.Debug|x64.ActiveCfg = Debug|Any CPU
		{0213A291-FBB5-498A-B469-E6CF6F1815FD}.Debug|x64.Build.0 = Debug|Any CPU
		{0213A291-FBB5-498A-B469-E6CF6F1815FD}.Debug|x86.ActiveCfg = Debug|Any CPU
		{0213A291-FBB5-498A-B469-E6CF6F1815FD}.Debug|x86.Build.0 = Debug|Any CPU
		{0213A291-FBB5-498A-B469-E6CF6F1815FD}.Release|Any CPU.ActiveCfg = Release|Any CPU
		{0213A291-FBB5-498A-B469-E6CF6F1815FD}.Release|Any CPU.Build.0 = Release|Any CPU
		{0213A291-FBB5-498A-B469-E6CF6F1815FD}.Release|ARM.ActiveCfg = Release|Any CPU
		{0213A291-FBB5-498A-B469-E6CF6F1815FD}.Release|ARM.Build.0 = Release|Any CPU
		{0213A291-FBB5-498A-B469-E6CF6F1815FD}.Release|ARM64.ActiveCfg = Release|Any CPU
		{0213A291-FBB5-498A-B469-E6CF6F1815FD}.Release|ARM64.Build.0 = Release|Any CPU
		{0213A291-FBB5-498A-B469-E6CF6F1815FD}.Release|x64.ActiveCfg = Release|Any CPU
		{0213A291-FBB5-498A-B469-E6CF6F1815FD}.Release|x64.Build.0 = Release|Any CPU
		{0213A291-FBB5-498A-B469-E6CF6F1815FD}.Release|x86.ActiveCfg = Release|Any CPU
		{0213A291-FBB5-498A-B469-E6CF6F1815FD}.Release|x86.Build.0 = Release|Any CPU
		{4811F13F-B95B-481E-84A8-5CF3D5D74903}.Debug|Any CPU.ActiveCfg = Debug|Any CPU
		{4811F13F-B95B-481E-84A8-5CF3D5D74903}.Debug|Any CPU.Build.0 = Debug|Any CPU
		{4811F13F-B95B-481E-84A8-5CF3D5D74903}.Debug|ARM.ActiveCfg = Debug|Any CPU
		{4811F13F-B95B-481E-84A8-5CF3D5D74903}.Debug|ARM.Build.0 = Debug|Any CPU
		{4811F13F-B95B-481E-84A8-5CF3D5D74903}.Debug|ARM64.ActiveCfg = Debug|Any CPU
		{4811F13F-B95B-481E-84A8-5CF3D5D74903}.Debug|ARM64.Build.0 = Debug|Any CPU
		{4811F13F-B95B-481E-84A8-5CF3D5D74903}.Debug|x64.ActiveCfg = Debug|Any CPU
		{4811F13F-B95B-481E-84A8-5CF3D5D74903}.Debug|x64.Build.0 = Debug|Any CPU
		{4811F13F-B95B-481E-84A8-5CF3D5D74903}.Debug|x86.ActiveCfg = Debug|Any CPU
		{4811F13F-B95B-481E-84A8-5CF3D5D74903}.Debug|x86.Build.0 = Debug|Any CPU
		{4811F13F-B95B-481E-84A8-5CF3D5D74903}.Release|Any CPU.ActiveCfg = Release|Any CPU
		{4811F13F-B95B-481E-84A8-5CF3D5D74903}.Release|Any CPU.Build.0 = Release|Any CPU
		{4811F13F-B95B-481E-84A8-5CF3D5D74903}.Release|ARM.ActiveCfg = Release|Any CPU
		{4811F13F-B95B-481E-84A8-5CF3D5D74903}.Release|ARM.Build.0 = Release|Any CPU
		{4811F13F-B95B-481E-84A8-5CF3D5D74903}.Release|ARM64.ActiveCfg = Release|Any CPU
		{4811F13F-B95B-481E-84A8-5CF3D5D74903}.Release|ARM64.Build.0 = Release|Any CPU
		{4811F13F-B95B-481E-84A8-5CF3D5D74903}.Release|x64.ActiveCfg = Release|Any CPU
		{4811F13F-B95B-481E-84A8-5CF3D5D74903}.Release|x64.Build.0 = Release|Any CPU
		{4811F13F-B95B-481E-84A8-5CF3D5D74903}.Release|x86.ActiveCfg = Release|Any CPU
		{4811F13F-B95B-481E-84A8-5CF3D5D74903}.Release|x86.Build.0 = Release|Any CPU
	EndGlobalSection
	GlobalSection(SolutionProperties) = preSolution
		HideSolutionNode = FALSE
	EndGlobalSection
	GlobalSection(NestedProjects) = preSolution
		{74C2EB63-8F7D-4C33-9B8E-530D86CAF353} = {29410656-CBDE-4C72-AAB1-74191ED8AA2E}
		{2767E4B5-35E4-4660-B491-681F8AA5398A} = {29410656-CBDE-4C72-AAB1-74191ED8AA2E}
		{293407B9-CC14-4E85-BB89-34ED1F366AB6} = {29410656-CBDE-4C72-AAB1-74191ED8AA2E}
		{928BF171-BC60-4903-AFD1-136578588F4A} = {29410656-CBDE-4C72-AAB1-74191ED8AA2E}
		{0213A291-FBB5-498A-B469-E6CF6F1815FD} = {29410656-CBDE-4C72-AAB1-74191ED8AA2E}
		{4811F13F-B95B-481E-84A8-5CF3D5D74903} = {29410656-CBDE-4C72-AAB1-74191ED8AA2E}
	EndGlobalSection
	GlobalSection(ExtensibilityGlobals) = postSolution
		SolutionGuid = {0C070FD5-04DD-42CC-A4A9-96FBB5B6C137}
	EndGlobalSection
EndGlobal
